
Microsoft Visual Studio Solution File, Format Version 12.00
# Visual Studio Version 17
VisualStudioVersion = 17.0.31903.59
MinimumVisualStudioVersion = 10.0.40219.1
Project("{2150E333-8FDC-42A3-9474-1A3956D46DE8}") = "APIs", "APIs", "{07975BF2-B721-46EB-A5A5-51DA145ABB1F}"
EndProject
Project("{2150E333-8FDC-42A3-9474-1A3956D46DE8}") = "Entities", "Entities", "{4ED082CA-7DF6-48E3-983F-ECD9B3BA9F3C}"
EndProject
Project("{2150E333-8FDC-42A3-9474-1A3956D46DE8}") = "Helpers", "Helpers", "{D2CEE268-2EA5-4AD6-82F0-FB8F75F4A8A9}"
EndProject
Project("{2150E333-8FDC-42A3-9474-1A3956D46DE8}") = "Infrastructures", "Infrastructures", "{A33264EE-4071-4772-B605-FAD4D8D03B41}"
EndProject
Project("{2150E333-8FDC-42A3-9474-1A3956D46DE8}") = "DTOs", "DTOs", "{EE1E459C-73FE-48A2-9D44-D21B9095469B}"
EndProject
Project("{2150E333-8FDC-42A3-9474-1A3956D46DE8}") = "Repositories", "Repositories", "{EF0E3319-77B3-4C10-A47B-4883D00DC44F}"
EndProject
Project("{2150E333-8FDC-42A3-9474-1A3956D46DE8}") = "Services", "Services", "{47CE757F-942B-4E5A-9F6B-DBDAC7B61F23}"
EndProject
Project("{2150E333-8FDC-42A3-9474-1A3956D46DE8}") = "Libraries", "Libraries", "{5489D28D-E8F8-4857-AFA1-284F8518CB17}"
EndProject
Project("{9A19103F-16F7-4668-BE54-9A1E7A4F7556}") = "Master.API", "MasterAPI\Master.API.csproj", "{A8DED925-3C43-44E2-9029-873D085CD837}"
EndProject
Project("{9A19103F-16F7-4668-BE54-9A1E7A4F7556}") = "Master.Repository", "Master.Repository\Master.Repository.csproj", "{797B26B8-5255-460C-9E47-B5C73C1AC337}"
EndProject
Project("{9A19103F-16F7-4668-BE54-9A1E7A4F7556}") = "Master.DTO", "Master.DTO\Master.DTO.csproj", "{A0EDAF6A-DF1D-44E7-BFC0-23058004AB20}"
EndProject
Project("{9A19103F-16F7-4668-BE54-9A1E7A4F7556}") = "Master.Service", "Master.Service\Master.Service.csproj", "{B517A6DF-9070-4EC8-9142-EB250F90612D}"
EndProject
Project("{9A19103F-16F7-4668-BE54-9A1E7A4F7556}") = "AWS.Service", "AWS.Service\AWS.Service.csproj", "{223A43DE-3BF6-42FF-A6C3-F1E52813F8E1}"
EndProject
Project("{9A19103F-16F7-4668-BE54-9A1E7A4F7556}") = "Master.Entity", "Master.Entity\Master.Entity.csproj", "{4E628287-0F9E-47C6-BEC1-8EC8961DA17A}"
EndProject
Project("{9A19103F-16F7-4668-BE54-9A1E7A4F7556}") = "Base.Infrastructure", "Base.Infrastructure\Base.Infrastructure.csproj", "{52CF164E-F9F9-4C78-ACE1-8BA03F4B9807}"
EndProject
Project("{9A19103F-16F7-4668-BE54-9A1E7A4F7556}") = "Base.Helper", "Base.Helper\Base.Helper.csproj", "{6E14243F-09D4-4CD9-8B8C-725F7466A5D8}"
EndProject
Global
	GlobalSection(SolutionConfigurationPlatforms) = preSolution
		Debug|Any CPU = Debug|Any CPU
		Release|Any CPU = Release|Any CPU
	EndGlobalSection
	GlobalSection(ProjectConfigurationPlatforms) = postSolution
		{A8DED925-3C43-44E2-9029-873D085CD837}.Debug|Any CPU.ActiveCfg = Debug|Any CPU
		{A8DED925-3C43-44E2-9029-873D085CD837}.Debug|Any CPU.Build.0 = Debug|Any CPU
		{A8DED925-3C43-44E2-9029-873D085CD837}.Release|Any CPU.ActiveCfg = Release|Any CPU
		{A8DED925-3C43-44E2-9029-873D085CD837}.Release|Any CPU.Build.0 = Release|Any CPU
		{797B26B8-5255-460C-9E47-B5C73C1AC337}.Debug|Any CPU.ActiveCfg = Debug|Any CPU
		{797B26B8-5255-460C-9E47-B5C73C1AC337}.Debug|Any CPU.Build.0 = Debug|Any CPU
		{797B26B8-5255-460C-9E47-B5C73C1AC337}.Release|Any CPU.ActiveCfg = Release|Any CPU
		{797B26B8-5255-460C-9E47-B5C73C1AC337}.Release|Any CPU.Build.0 = Release|Any CPU
		{A0EDAF6A-DF1D-44E7-BFC0-23058004AB20}.Debug|Any CPU.ActiveCfg = Debug|Any CPU
		{A0EDAF6A-DF1D-44E7-BFC0-23058004AB20}.Debug|Any CPU.Build.0 = Debug|Any CPU
		{A0EDAF6A-DF1D-44E7-BFC0-23058004AB20}.Release|Any CPU.ActiveCfg = Release|Any CPU
		{A0EDAF6A-DF1D-44E7-BFC0-23058004AB20}.Release|Any CPU.Build.0 = Release|Any CPU
		{B517A6DF-9070-4EC8-9142-EB250F90612D}.Debug|Any CPU.ActiveCfg = Debug|Any CPU
		{B517A6DF-9070-4EC8-9142-EB250F90612D}.Debug|Any CPU.Build.0 = Debug|Any CPU
		{B517A6DF-9070-4EC8-9142-EB250F90612D}.Release|Any CPU.ActiveCfg = Release|Any CPU
		{B517A6DF-9070-4EC8-9142-EB250F90612D}.Release|Any CPU.Build.0 = Release|Any CPU
		{223A43DE-3BF6-42FF-A6C3-F1E52813F8E1}.Debug|Any CPU.ActiveCfg = Debug|Any CPU
		{223A43DE-3BF6-42FF-A6C3-F1E52813F8E1}.Debug|Any CPU.Build.0 = Debug|Any CPU
		{223A43DE-3BF6-42FF-A6C3-F1E52813F8E1}.Release|Any CPU.ActiveCfg = Release|Any CPU
		{223A43DE-3BF6-42FF-A6C3-F1E52813F8E1}.Release|Any CPU.Build.0 = Release|Any CPU
		{4E628287-0F9E-47C6-BEC1-8EC8961DA17A}.Debug|Any CPU.ActiveCfg = Debug|Any CPU
		{4E628287-0F9E-47C6-BEC1-8EC8961DA17A}.Debug|Any CPU.Build.0 = Debug|Any CPU
		{4E628287-0F9E-47C6-BEC1-8EC8961DA17A}.Release|Any CPU.ActiveCfg = Release|Any CPU
		{4E628287-0F9E-47C6-BEC1-8EC8961DA17A}.Release|Any CPU.Build.0 = Release|Any CPU
		{52CF164E-F9F9-4C78-ACE1-8BA03F4B9807}.Debug|Any CPU.ActiveCfg = Debug|Any CPU
		{52CF164E-F9F9-4C78-ACE1-8BA03F4B9807}.Debug|Any CPU.Build.0 = Debug|Any CPU
		{52CF164E-F9F9-4C78-ACE1-8BA03F4B9807}.Release|Any CPU.ActiveCfg = Release|Any CPU
		{52CF164E-F9F9-4C78-ACE1-8BA03F4B9807}.Release|Any CPU.Build.0 = Release|Any CPU
		{6E14243F-09D4-4CD9-8B8C-725F7466A5D8}.Debug|Any CPU.ActiveCfg = Debug|Any CPU
		{6E14243F-09D4-4CD9-8B8C-725F7466A5D8}.Debug|Any CPU.Build.0 = Debug|Any CPU
		{6E14243F-09D4-4CD9-8B8C-725F7466A5D8}.Release|Any CPU.ActiveCfg = Release|Any CPU
		{6E14243F-09D4-4CD9-8B8C-725F7466A5D8}.Release|Any CPU.Build.0 = Release|Any CPU
	EndGlobalSection
	GlobalSection(SolutionProperties) = preSolution
		HideSolutionNode = FALSE
	EndGlobalSection
	GlobalSection(NestedProjects) = preSolution
		{4ED082CA-7DF6-48E3-983F-ECD9B3BA9F3C} = {5489D28D-E8F8-4857-AFA1-284F8518CB17}
		{D2CEE268-2EA5-4AD6-82F0-FB8F75F4A8A9} = {5489D28D-E8F8-4857-AFA1-284F8518CB17}
		{A33264EE-4071-4772-B605-FAD4D8D03B41} = {5489D28D-E8F8-4857-AFA1-284F8518CB17}
		{EE1E459C-73FE-48A2-9D44-D21B9095469B} = {5489D28D-E8F8-4857-AFA1-284F8518CB17}
		{EF0E3319-77B3-4C10-A47B-4883D00DC44F} = {5489D28D-E8F8-4857-AFA1-284F8518CB17}
		{47CE757F-942B-4E5A-9F6B-DBDAC7B61F23} = {5489D28D-E8F8-4857-AFA1-284F8518CB17}
		{A8DED925-3C43-44E2-9029-873D085CD837} = {07975BF2-B721-46EB-A5A5-51DA145ABB1F}
		{797B26B8-5255-460C-9E47-B5C73C1AC337} = {EF0E3319-77B3-4C10-A47B-4883D00DC44F}
		{A0EDAF6A-DF1D-44E7-BFC0-23058004AB20} = {EE1E459C-73FE-48A2-9D44-D21B9095469B}
		{B517A6DF-9070-4EC8-9142-EB250F90612D} = {47CE757F-942B-4E5A-9F6B-DBDAC7B61F23}
		{223A43DE-3BF6-42FF-A6C3-F1E52813F8E1} = {47CE757F-942B-4E5A-9F6B-DBDAC7B61F23}
		{4E628287-0F9E-47C6-BEC1-8EC8961DA17A} = {4ED082CA-7DF6-48E3-983F-ECD9B3BA9F3C}
		{52CF164E-F9F9-4C78-ACE1-8BA03F4B9807} = {A33264EE-4071-4772-B605-FAD4D8D03B41}
		{6E14243F-09D4-4CD9-8B8C-725F7466A5D8} = {D2CEE268-2EA5-4AD6-82F0-FB8F75F4A8A9}
	EndGlobalSection
	GlobalSection(ExtensibilityGlobals) = postSolution
		SolutionGuid = {5CB12C24-E2FD-47DA-A9A8-6D2835FC092E}
	EndGlobalSection
EndGlobal
