
Microsoft Visual Studio Solution File, Format Version 12.00
# Visual Studio Version 17
VisualStudioVersion = 17.0.31903.59
MinimumVisualStudioVersion = 10.0.40219.1
Project("{9A19103F-16F7-4668-BE54-9A1E7A4F7556}") = "Tenants.API", "TenantsAPI\Tenants.API.csproj", "{9B34AC52-A2C9-4739-84D9-19028AB5E0DD}"
EndProject
Project("{9A19103F-16F7-4668-BE54-9A1E7A4F7556}") = "Tenants.Repository", "TenantsRepository\Tenants.Repository.csproj", "{21424306-669A-4EF1-95BF-15804A16877E}"
EndProject
Project("{9A19103F-16F7-4668-BE54-9A1E7A4F7556}") = "AWS.Service", "TenantsService\AWS.Service.csproj", "{D1FBEE25-2461-43A1-BBE5-B5D7766EBAB4}"
EndProject
Project("{9A19103F-16F7-4668-BE54-9A1E7A4F7556}") = "Tenants.Entity", "TenantsEntity\Tenants.Entity.csproj", "{46931DC1-FFDC-49F2-91F6-6259D6CA0D9A}"
EndProject
Project("{9A19103F-16F7-4668-BE54-9A1E7A4F7556}") = "Base.Infrastructure", "TenantsInfrastructure\Base.Infrastructure.csproj", "{657133A0-9EA6-42AA-88A3-CCB010CE7F39}"
EndProject
Project("{9A19103F-16F7-4668-BE54-9A1E7A4F7556}") = "Tenants.DTO", "TenantsModel\Tenants.DTO.csproj", "{E57B4A3E-0CDD-4E70-A9ED-AEDFAD79242D}"
EndProject
Project("{9A19103F-16F7-4668-BE54-9A1E7A4F7556}") = "Base.Helper", "TenantsHelper\Base.Helper.csproj", "{E39AE063-766B-4E91-AC63-C38AAC94FE90}"
EndProject
Project("{2150E333-8FDC-42A3-9474-1A3956D46DE8}") = "APIs", "APIs", "{07975BF2-B721-46EB-A5A5-51DA145ABB1F}"
EndProject
Project("{2150E333-8FDC-42A3-9474-1A3956D46DE8}") = "Entities", "Entities", "{4ED082CA-7DF6-48E3-983F-ECD9B3BA9F3C}"
EndProject
Project("{2150E333-8FDC-42A3-9474-1A3956D46DE8}") = "Helpers", "Helpers", "{D2CEE268-2EA5-4AD6-82F0-FB8F75F4A8A9}"
EndProject
Project("{2150E333-8FDC-42A3-9474-1A3956D46DE8}") = "Infrastructures", "Infrastructures", "{A33264EE-4071-4772-B605-FAD4D8D03B41}"
EndProject
Project("{2150E333-8FDC-42A3-9474-1A3956D46DE8}") = "DTOs", "DTOs", "{EE1E459C-73FE-48A2-9D44-D21B9095469B}"
EndProject
Project("{2150E333-8FDC-42A3-9474-1A3956D46DE8}") = "Repositories", "Repositories", "{EF0E3319-77B3-4C10-A47B-4883D00DC44F}"
EndProject
Project("{2150E333-8FDC-42A3-9474-1A3956D46DE8}") = "Services", "Services", "{47CE757F-942B-4E5A-9F6B-DBDAC7B61F23}"
EndProject
Project("{2150E333-8FDC-42A3-9474-1A3956D46DE8}") = "Libraries", "Libraries", "{5489D28D-E8F8-4857-AFA1-284F8518CB17}"
EndProject
Project("{9A19103F-16F7-4668-BE54-9A1E7A4F7556}") = "Tenants.Service", "tenants.service\Tenants.Service.csproj", "{E24473BA-21D0-4A9A-82A2-B43117672BB8}"
EndProject
Global
	GlobalSection(SolutionConfigurationPlatforms) = preSolution
		Debug|Any CPU = Debug|Any CPU
		Release|Any CPU = Release|Any CPU
	EndGlobalSection
	GlobalSection(ProjectConfigurationPlatforms) = postSolution
		{9B34AC52-A2C9-4739-84D9-19028AB5E0DD}.Debug|Any CPU.ActiveCfg = Debug|Any CPU
		{9B34AC52-A2C9-4739-84D9-19028AB5E0DD}.Debug|Any CPU.Build.0 = Debug|Any CPU
		{9B34AC52-A2C9-4739-84D9-19028AB5E0DD}.Release|Any CPU.ActiveCfg = Release|Any CPU
		{9B34AC52-A2C9-4739-84D9-19028AB5E0DD}.Release|Any CPU.Build.0 = Release|Any CPU
		{21424306-669A-4EF1-95BF-15804A16877E}.Debug|Any CPU.ActiveCfg = Debug|Any CPU
		{21424306-669A-4EF1-95BF-15804A16877E}.Debug|Any CPU.Build.0 = Debug|Any CPU
		{21424306-669A-4EF1-95BF-15804A16877E}.Release|Any CPU.ActiveCfg = Release|Any CPU
		{21424306-669A-4EF1-95BF-15804A16877E}.Release|Any CPU.Build.0 = Release|Any CPU
		{D1FBEE25-2461-43A1-BBE5-B5D7766EBAB4}.Debug|Any CPU.ActiveCfg = Debug|Any CPU
		{D1FBEE25-2461-43A1-BBE5-B5D7766EBAB4}.Debug|Any CPU.Build.0 = Debug|Any CPU
		{D1FBEE25-2461-43A1-BBE5-B5D7766EBAB4}.Release|Any CPU.ActiveCfg = Release|Any CPU
		{D1FBEE25-2461-43A1-BBE5-B5D7766EBAB4}.Release|Any CPU.Build.0 = Release|Any CPU
		{46931DC1-FFDC-49F2-91F6-6259D6CA0D9A}.Debug|Any CPU.ActiveCfg = Debug|Any CPU
		{46931DC1-FFDC-49F2-91F6-6259D6CA0D9A}.Debug|Any CPU.Build.0 = Debug|Any CPU
		{46931DC1-FFDC-49F2-91F6-6259D6CA0D9A}.Release|Any CPU.ActiveCfg = Release|Any CPU
		{46931DC1-FFDC-49F2-91F6-6259D6CA0D9A}.Release|Any CPU.Build.0 = Release|Any CPU
		{657133A0-9EA6-42AA-88A3-CCB010CE7F39}.Debug|Any CPU.ActiveCfg = Debug|Any CPU
		{657133A0-9EA6-42AA-88A3-CCB010CE7F39}.Debug|Any CPU.Build.0 = Debug|Any CPU
		{657133A0-9EA6-42AA-88A3-CCB010CE7F39}.Release|Any CPU.ActiveCfg = Release|Any CPU
		{657133A0-9EA6-42AA-88A3-CCB010CE7F39}.Release|Any CPU.Build.0 = Release|Any CPU
		{E57B4A3E-0CDD-4E70-A9ED-AEDFAD79242D}.Debug|Any CPU.ActiveCfg = Debug|Any CPU
		{E57B4A3E-0CDD-4E70-A9ED-AEDFAD79242D}.Debug|Any CPU.Build.0 = Debug|Any CPU
		{E57B4A3E-0CDD-4E70-A9ED-AEDFAD79242D}.Release|Any CPU.ActiveCfg = Release|Any CPU
		{E57B4A3E-0CDD-4E70-A9ED-AEDFAD79242D}.Release|Any CPU.Build.0 = Release|Any CPU
		{E39AE063-766B-4E91-AC63-C38AAC94FE90}.Debug|Any CPU.ActiveCfg = Debug|Any CPU
		{E39AE063-766B-4E91-AC63-C38AAC94FE90}.Debug|Any CPU.Build.0 = Debug|Any CPU
		{E39AE063-766B-4E91-AC63-C38AAC94FE90}.Release|Any CPU.ActiveCfg = Release|Any CPU
		{E39AE063-766B-4E91-AC63-C38AAC94FE90}.Release|Any CPU.Build.0 = Release|Any CPU
		{E24473BA-21D0-4A9A-82A2-B43117672BB8}.Debug|Any CPU.ActiveCfg = Debug|Any CPU
		{E24473BA-21D0-4A9A-82A2-B43117672BB8}.Debug|Any CPU.Build.0 = Debug|Any CPU
		{E24473BA-21D0-4A9A-82A2-B43117672BB8}.Release|Any CPU.ActiveCfg = Release|Any CPU
		{E24473BA-21D0-4A9A-82A2-B43117672BB8}.Release|Any CPU.Build.0 = Release|Any CPU
	EndGlobalSection
	GlobalSection(SolutionProperties) = preSolution
		HideSolutionNode = FALSE
	EndGlobalSection
	GlobalSection(NestedProjects) = preSolution
		{9B34AC52-A2C9-4739-84D9-19028AB5E0DD} = {07975BF2-B721-46EB-A5A5-51DA145ABB1F}
		{21424306-669A-4EF1-95BF-15804A16877E} = {EF0E3319-77B3-4C10-A47B-4883D00DC44F}
		{D1FBEE25-2461-43A1-BBE5-B5D7766EBAB4} = {47CE757F-942B-4E5A-9F6B-DBDAC7B61F23}
		{46931DC1-FFDC-49F2-91F6-6259D6CA0D9A} = {4ED082CA-7DF6-48E3-983F-ECD9B3BA9F3C}
		{657133A0-9EA6-42AA-88A3-CCB010CE7F39} = {A33264EE-4071-4772-B605-FAD4D8D03B41}
		{E57B4A3E-0CDD-4E70-A9ED-AEDFAD79242D} = {EE1E459C-73FE-48A2-9D44-D21B9095469B}
		{E39AE063-766B-4E91-AC63-C38AAC94FE90} = {D2CEE268-2EA5-4AD6-82F0-FB8F75F4A8A9}
		{4ED082CA-7DF6-48E3-983F-ECD9B3BA9F3C} = {5489D28D-E8F8-4857-AFA1-284F8518CB17}
		{D2CEE268-2EA5-4AD6-82F0-FB8F75F4A8A9} = {5489D28D-E8F8-4857-AFA1-284F8518CB17}
		{A33264EE-4071-4772-B605-FAD4D8D03B41} = {5489D28D-E8F8-4857-AFA1-284F8518CB17}
		{EE1E459C-73FE-48A2-9D44-D21B9095469B} = {5489D28D-E8F8-4857-AFA1-284F8518CB17}
		{EF0E3319-77B3-4C10-A47B-4883D00DC44F} = {5489D28D-E8F8-4857-AFA1-284F8518CB17}
		{47CE757F-942B-4E5A-9F6B-DBDAC7B61F23} = {5489D28D-E8F8-4857-AFA1-284F8518CB17}
		{E24473BA-21D0-4A9A-82A2-B43117672BB8} = {47CE757F-942B-4E5A-9F6B-DBDAC7B61F23}
	EndGlobalSection
	GlobalSection(ExtensibilityGlobals) = postSolution
		SolutionGuid = {5CB12C24-E2FD-47DA-A9A8-6D2835FC092E}
	EndGlobalSection
EndGlobal
